
Microsoft Visual Studio Solution File, Format Version 12.00
# Visual Studio Version 17
VisualStudioVersion = 17.0.32014.148
MinimumVisualStudioVersion = 10.0.40219.1
Project("{FAE04EC0-301F-11D3-BF4B-00C04F79EFBC}") = "patika_13", "patika_13.csproj", "{7688695A-8857-4B96-A085-8D7EA015ACDA}"
EndProject
Global
	GlobalSection(SolutionConfigurationPlatforms) = preSolution
		Debug|Any CPU = Debug|Any CPU
		Release|Any CPU = Release|Any CPU
	EndGlobalSection
	GlobalSection(ProjectConfigurationPlatforms) = postSolution
		{7688695A-8857-4B96-A085-8D7EA015ACDA}.Debug|Any CPU.ActiveCfg = Debug|Any CPU
		{7688695A-8857-4B96-A085-8D7EA015ACDA}.Debug|Any CPU.Build.0 = Debug|Any CPU
		{7688695A-8857-4B96-A085-8D7EA015ACDA}.Release|Any CPU.ActiveCfg = Release|Any CPU
		{7688695A-8857-4B96-A085-8D7EA015ACDA}.Release|Any CPU.Build.0 = Release|Any CPU
	EndGlobalSection
	GlobalSection(SolutionProperties) = preSolution
		HideSolutionNode = FALSE
	EndGlobalSection
	GlobalSection(ExtensibilityGlobals) = postSolution
		SolutionGuid = {395414FB-4F0B-4FCF-95D8-E38FD810C881}
	EndGlobalSection
EndGlobal
